// !$*UTF8*$!
{
	archiveVersion = 1;
	classes = {
	};
	objectVersion = 46;
	objects = {

/* Begin PBXBuildFile section */
		C17A24081D21105B003808BF /* AppDelegate.swift in Sources */ = {isa = PBXBuildFile; fileRef = C17A24071D21105B003808BF /* AppDelegate.swift */; };
		C17A240A1D21105B003808BF /* ViewController.swift in Sources */ = {isa = PBXBuildFile; fileRef = C17A24091D21105B003808BF /* ViewController.swift */; };
		C17A240D1D21105B003808BF /* Main.storyboard in Resources */ = {isa = PBXBuildFile; fileRef = C17A240B1D21105B003808BF /* Main.storyboard */; };
		C17A240F1D21105B003808BF /* Assets.xcassets in Resources */ = {isa = PBXBuildFile; fileRef = C17A240E1D21105B003808BF /* Assets.xcassets */; };
		C17A24121D21105B003808BF /* LaunchScreen.storyboard in Resources */ = {isa = PBXBuildFile; fileRef = C17A24101D21105B003808BF /* LaunchScreen.storyboard */; };
		C17A241D1D21105B003808BF /* calculatorTests.swift in Sources */ = {isa = PBXBuildFile; fileRef = C17A241C1D21105B003808BF /* calculatorTests.swift */; };
		C17A24281D21105B003808BF /* calculatorUITests.swift in Sources */ = {isa = PBXBuildFile; fileRef = C17A24271D21105B003808BF /* calculatorUITests.swift */; };
/* End PBXBuildFile section */

/* Begin PBXContainerItemProxy section */
		C17A24191D21105B003808BF /* PBXContainerItemProxy */ = {
			isa = PBXContainerItemProxy;
			containerPortal = C17A23FC1D21105B003808BF /* Project object */;
			proxyType = 1;
			remoteGlobalIDString = C17A24031D21105B003808BF;
			remoteInfo = calculator;
		};
		C17A24241D21105B003808BF /* PBXContainerItemProxy */ = {
			isa = PBXContainerItemProxy;
			containerPortal = C17A23FC1D21105B003808BF /* Project object */;
			proxyType = 1;
			remoteGlobalIDString = C17A24031D21105B003808BF;
			remoteInfo = calculator;
		};
/* End PBXContainerItemProxy section */

/* Begin PBXFileReference section */
		C17A24041D21105B003808BF /* calculator.app */ = {isa = PBXFileReference; explicitFileType = wrapper.application; includeInIndex = 0; path = calculator.app; sourceTree = BUILT_PRODUCTS_DIR; };
		C17A24071D21105B003808BF /* AppDelegate.swift */ = {isa = PBXFileReference; lastKnownFileType = sourcecode.swift; path = AppDelegate.swift; sourceTree = "<group>"; };
		C17A24091D21105B003808BF /* ViewController.swift */ = {isa = PBXFileReference; lastKnownFileType = sourcecode.swift; path = ViewController.swift; sourceTree = "<group>"; };
		C17A240C1D21105B003808BF /* Base */ = {isa = PBXFileReference; lastKnownFileType = file.storyboard; name = Base; path = Base.lproj/Main.storyboard; sourceTree = "<group>"; };
		C17A240E1D21105B003808BF /* Assets.xcassets */ = {isa = PBXFileReference; lastKnownFileType = folder.assetcatalog; path = Assets.xcassets; sourceTree = "<group>"; };
		C17A24111D21105B003808BF /* Base */ = {isa = PBXFileReference; lastKnownFileType = file.storyboard; name = Base; path = Base.lproj/LaunchScreen.storyboard; sourceTree = "<group>"; };
		C17A24131D21105B003808BF /* Info.plist */ = {isa = PBXFileReference; lastKnownFileType = text.plist.xml; path = Info.plist; sourceTree = "<group>"; };
		C17A24181D21105B003808BF /* calculatorTests.xctest */ = {isa = PBXFileReference; explicitFileType = wrapper.cfbundle; includeInIndex = 0; path = calculatorTests.xctest; sourceTree = BUILT_PRODUCTS_DIR; };
		C17A241C1D21105B003808BF /* calculatorTests.swift */ = {isa = PBXFileReference; lastKnownFileType = sourcecode.swift; path = calculatorTests.swift; sourceTree = "<group>"; };
		C17A241E1D21105B003808BF /* Info.plist */ = {isa = PBXFileReference; lastKnownFileType = text.plist.xml; path = Info.plist; sourceTree = "<group>"; };
		C17A24231D21105B003808BF /* calculatorUITests.xctest */ = {isa = PBXFileReference; explicitFileType = wrapper.cfbundle; includeInIndex = 0; path = calculatorUITests.xctest; sourceTree = BUILT_PRODUCTS_DIR; };
		C17A24271D21105B003808BF /* calculatorUITests.swift */ = {isa = PBXFileReference; lastKnownFileType = sourcecode.swift; path = calculatorUITests.swift; sourceTree = "<group>"; };
		C17A24291D21105B003808BF /* Info.plist */ = {isa = PBXFileReference; lastKnownFileType = text.plist.xml; path = Info.plist; sourceTree = "<group>"; };
/* End PBXFileReference section */

/* Begin PBXFrameworksBuildPhase section */
		C17A24011D21105B003808BF /* Frameworks */ = {
			isa = PBXFrameworksBuildPhase;
			buildActionMask = 2147483647;
			files = (
			);
			runOnlyForDeploymentPostprocessing = 0;
		};
		C17A24151D21105B003808BF /* Frameworks */ = {
			isa = PBXFrameworksBuildPhase;
			buildActionMask = 2147483647;
			files = (
			);
			runOnlyForDeploymentPostprocessing = 0;
		};
		C17A24201D21105B003808BF /* Frameworks */ = {
			isa = PBXFrameworksBuildPhase;
			buildActionMask = 2147483647;
			files = (
			);
			runOnlyForDeploymentPostprocessing = 0;
		};
/* End PBXFrameworksBuildPhase section */

/* Begin PBXGroup section */
		C17A23FB1D21105B003808BF = {
			isa = PBXGroup;
			children = (
				C17A24061D21105B003808BF /* calculator */,
				C17A241B1D21105B003808BF /* calculatorTests */,
				C17A24261D21105B003808BF /* calculatorUITests */,
				C17A24051D21105B003808BF /* Products */,
			);
			sourceTree = "<group>";
		};
		C17A24051D21105B003808BF /* Products */ = {
			isa = PBXGroup;
			children = (
				C17A24041D21105B003808BF /* calculator.app */,
				C17A24181D21105B003808BF /* calculatorTests.xctest */,
				C17A24231D21105B003808BF /* calculatorUITests.xctest */,
			);
			name = Products;
			sourceTree = "<group>";
		};
		C17A24061D21105B003808BF /* calculator */ = {
			isa = PBXGroup;
			children = (
				C17A24071D21105B003808BF /* AppDelegate.swift */,
				C17A24091D21105B003808BF /* ViewController.swift */,
				C17A240B1D21105B003808BF /* Main.storyboard */,
				C17A240E1D21105B003808BF /* Assets.xcassets */,
				C17A24101D21105B003808BF /* LaunchScreen.storyboard */,
				C17A24131D21105B003808BF /* Info.plist */,
			);
			path = calculator;
			sourceTree = "<group>";
		};
		C17A241B1D21105B003808BF /* calculatorTests */ = {
			isa = PBXGroup;
			children = (
				C17A241C1D21105B003808BF /* calculatorTests.swift */,
				C17A241E1D21105B003808BF /* Info.plist */,
			);
			path = calculatorTests;
			sourceTree = "<group>";
		};
		C17A24261D21105B003808BF /* calculatorUITests */ = {
			isa = PBXGroup;
			children = (
				C17A24271D21105B003808BF /* calculatorUITests.swift */,
				C17A24291D21105B003808BF /* Info.plist */,
			);
			path = calculatorUITests;
			sourceTree = "<group>";
		};
/* End PBXGroup section */

/* Begin PBXNativeTarget section */
		C17A24031D21105B003808BF /* calculator */ = {
			isa = PBXNativeTarget;
			buildConfigurationList = C17A242C1D21105B003808BF /* Build configuration list for PBXNativeTarget "calculator" */;
			buildPhases = (
				C17A24001D21105B003808BF /* Sources */,
				C17A24011D21105B003808BF /* Frameworks */,
				C17A24021D21105B003808BF /* Resources */,
			);
			buildRules = (
			);
			dependencies = (
			);
			name = calculator;
			productName = calculator;
			productReference = C17A24041D21105B003808BF /* calculator.app */;
			productType = "com.apple.product-type.application";
		};
		C17A24171D21105B003808BF /* calculatorTests */ = {
			isa = PBXNativeTarget;
			buildConfigurationList = C17A242F1D21105B003808BF /* Build configuration list for PBXNativeTarget "calculatorTests" */;
			buildPhases = (
				C17A24141D21105B003808BF /* Sources */,
				C17A24151D21105B003808BF /* Frameworks */,
				C17A24161D21105B003808BF /* Resources */,
			);
			buildRules = (
			);
			dependencies = (
				C17A241A1D21105B003808BF /* PBXTargetDependency */,
			);
			name = calculatorTests;
			productName = calculatorTests;
			productReference = C17A24181D21105B003808BF /* calculatorTests.xctest */;
			productType = "com.apple.product-type.bundle.unit-test";
		};
		C17A24221D21105B003808BF /* calculatorUITests */ = {
			isa = PBXNativeTarget;
			buildConfigurationList = C17A24321D21105B003808BF /* Build configuration list for PBXNativeTarget "calculatorUITests" */;
			buildPhases = (
				C17A241F1D21105B003808BF /* Sources */,
				C17A24201D21105B003808BF /* Frameworks */,
				C17A24211D21105B003808BF /* Resources */,
			);
			buildRules = (
			);
			dependencies = (
				C17A24251D21105B003808BF /* PBXTargetDependency */,
			);
			name = calculatorUITests;
			productName = calculatorUITests;
			productReference = C17A24231D21105B003808BF /* calculatorUITests.xctest */;
			productType = "com.apple.product-type.bundle.ui-testing";
		};
/* End PBXNativeTarget section */

/* Begin PBXProject section */
		C17A23FC1D21105B003808BF /* Project object */ = {
			isa = PBXProject;
			attributes = {
				LastSwiftUpdateCheck = 0730;
				LastUpgradeCheck = 0730;
				ORGANIZATIONNAME = scy;
				TargetAttributes = {
					C17A24031D21105B003808BF = {
						CreatedOnToolsVersion = 7.3.1;
					};
					C17A24171D21105B003808BF = {
						CreatedOnToolsVersion = 7.3.1;
						TestTargetID = C17A24031D21105B003808BF;
					};
					C17A24221D21105B003808BF = {
						CreatedOnToolsVersion = 7.3.1;
						TestTargetID = C17A24031D21105B003808BF;
					};
				};
			};
			buildConfigurationList = C17A23FF1D21105B003808BF /* Build configuration list for PBXProject "calculator" */;
			compatibilityVersion = "Xcode 3.2";
			developmentRegion = English;
			hasScannedForEncodings = 0;
			knownRegions = (
				en,
				Base,
			);
			mainGroup = C17A23FB1D21105B003808BF;
			productRefGroup = C17A24051D21105B003808BF /* Products */;
			projectDirPath = "";
			projectRoot = "";
			targets = (
				C17A24031D21105B003808BF /* calculator */,
				C17A24171D21105B003808BF /* calculatorTests */,
				C17A24221D21105B003808BF /* calculatorUITests */,
			);
		};
/* End PBXProject section */

/* Begin PBXResourcesBuildPhase section */
		C17A24021D21105B003808BF /* Resources */ = {
			isa = PBXResourcesBuildPhase;
			buildActionMask = 2147483647;
			files = (
				C17A24121D21105B003808BF /* LaunchScreen.storyboard in Resources */,
				C17A240F1D21105B003808BF /* Assets.xcassets in Resources */,
				C17A240D1D21105B003808BF /* Main.storyboard in Resources */,
			);
			runOnlyForDeploymentPostprocessing = 0;
		};
		C17A24161D21105B003808BF /* Resources */ = {
			isa = PBXResourcesBuildPhase;
			buildActionMask = 2147483647;
			files = (
			);
			runOnlyForDeploymentPostprocessing = 0;
		};
		C17A24211D21105B003808BF /* Resources */ = {
			isa = PBXResourcesBuildPhase;
			buildActionMask = 2147483647;
			files = (
			);
			runOnlyForDeploymentPostprocessing = 0;
		};
/* End PBXResourcesBuildPhase section */

/* Begin PBXSourcesBuildPhase section */
		C17A24001D21105B003808BF /* Sources */ = {
			isa = PBXSourcesBuildPhase;
			buildActionMask = 2147483647;
			files = (
				C17A240A1D21105B003808BF /* ViewController.swift in Sources */,
				C17A24081D21105B003808BF /* AppDelegate.swift in Sources */,
			);
			runOnlyForDeploymentPostprocessing = 0;
		};
		C17A24141D21105B003808BF /* Sources */ = {
			isa = PBXSourcesBuildPhase;
			buildActionMask = 2147483647;
			files = (
				C17A241D1D21105B003808BF /* calculatorTests.swift in Sources */,
			);
			runOnlyForDeploymentPostprocessing = 0;
		};
		C17A241F1D21105B003808BF /* Sources */ = {
			isa = PBXSourcesBuildPhase;
			buildActionMask = 2147483647;
			files = (
				C17A24281D21105B003808BF /* calculatorUITests.swift in Sources */,
			);
			runOnlyForDeploymentPostprocessing = 0;
		};
/* End PBXSourcesBuildPhase section */

/* Begin PBXTargetDependency section */
		C17A241A1D21105B003808BF /* PBXTargetDependency */ = {
			isa = PBXTargetDependency;
			target = C17A24031D21105B003808BF /* calculator */;
			targetProxy = C17A24191D21105B003808BF /* PBXContainerItemProxy */;
		};
		C17A24251D21105B003808BF /* PBXTargetDependency */ = {
			isa = PBXTargetDependency;
			target = C17A24031D21105B003808BF /* calculator */;
			targetProxy = C17A24241D21105B003808BF /* PBXContainerItemProxy */;
		};
/* End PBXTargetDependency section */

/* Begin PBXVariantGroup section */
		C17A240B1D21105B003808BF /* Main.storyboard */ = {
			isa = PBXVariantGroup;
			children = (
				C17A240C1D21105B003808BF /* Base */,
			);
			name = Main.storyboard;
			sourceTree = "<group>";
		};
		C17A24101D21105B003808BF /* LaunchScreen.storyboard */ = {
			isa = PBXVariantGroup;
			children = (
				C17A24111D21105B003808BF /* Base */,
			);
			name = LaunchScreen.storyboard;
			sourceTree = "<group>";
		};
/* End PBXVariantGroup section */

/* Begin XCBuildConfiguration section */
		C17A242A1D21105B003808BF /* Debug */ = {
			isa = XCBuildConfiguration;
			buildSettings = {
				ALWAYS_SEARCH_USER_PATHS = NO;
				CLANG_ANALYZER_NONNULL = YES;
				CLANG_CXX_LANGUAGE_STANDARD = "gnu++0x";
				CLANG_CXX_LIBRARY = "libc++";
				CLANG_ENABLE_MODULES = YES;
				CLANG_ENABLE_OBJC_ARC = YES;
				CLANG_WARN_BOOL_CONVERSION = YES;
				CLANG_WARN_CONSTANT_CONVERSION = YES;
				CLANG_WARN_DIRECT_OBJC_ISA_USAGE = YES_ERROR;
				CLANG_WARN_EMPTY_BODY = YES;
				CLANG_WARN_ENUM_CONVERSION = YES;
				CLANG_WARN_INT_CONVERSION = YES;
				CLANG_WARN_OBJC_ROOT_CLASS = YES_ERROR;
				CLANG_WARN_UNREACHABLE_CODE = YES;
				CLANG_WARN__DUPLICATE_METHOD_MATCH = YES;
				"CODE_SIGN_IDENTITY[sdk=iphoneos*]" = "iPhone Developer";
				COPY_PHASE_STRIP = NO;
				DEBUG_INFORMATION_FORMAT = dwarf;
				ENABLE_STRICT_OBJC_MSGSEND = YES;
				ENABLE_TESTABILITY = YES;
				GCC_C_LANGUAGE_STANDARD = gnu99;
				GCC_DYNAMIC_NO_PIC = NO;
				GCC_NO_COMMON_BLOCKS = YES;
				GCC_OPTIMIZATION_LEVEL = 0;
				GCC_PREPROCESSOR_DEFINITIONS = (
					"DEBUG=1",
					"$(inherited)",
				);
				GCC_WARN_64_TO_32_BIT_CONVERSION = YES;
				GCC_WARN_ABOUT_RETURN_TYPE = YES_ERROR;
				GCC_WARN_UNDECLARED_SELECTOR = YES;
				GCC_WARN_UNINITIALIZED_AUTOS = YES_AGGRESSIVE;
				GCC_WARN_UNUSED_FUNCTION = YES;
				GCC_WARN_UNUSED_VARIABLE = YES;
				IPHONEOS_DEPLOYMENT_TARGET = 9.3;
				MTL_ENABLE_DEBUG_INFO = YES;
				ONLY_ACTIVE_ARCH = YES;
				SDKROOT = iphoneos;
				SWIFT_OPTIMIZATION_LEVEL = "-Onone";
				TARGETED_DEVICE_FAMILY = "1,2";
			};
			name = Debug;
		};
		C17A242B1D21105B003808BF /* Release */ = {
			isa = XCBuildConfiguration;
			buildSettings = {
				ALWAYS_SEARCH_USER_PATHS = NO;
				CLANG_ANALYZER_NONNULL = YES;
				CLANG_CXX_LANGUAGE_STANDARD = "gnu++0x";
				CLANG_CXX_LIBRARY = "libc++";
				CLANG_ENABLE_MODULES = YES;
				CLANG_ENABLE_OBJC_ARC = YES;
				CLANG_WARN_BOOL_CONVERSION = YES;
				CLANG_WARN_CONSTANT_CONVERSION = YES;
				CLANG_WARN_DIRECT_OBJC_ISA_USAGE = YES_ERROR;
				CLANG_WARN_EMPTY_BODY = YES;
				CLANG_WARN_ENUM_CONVERSION = YES;
				CLANG_WARN_INT_CONVERSION = YES;
				CLANG_WARN_OBJC_ROOT_CLASS = YES_ERROR;
				CLANG_WARN_UNREACHABLE_CODE = YES;
				CLANG_WARN__DUPLICATE_METHOD_MATCH = YES;
				"CODE_SIGN_IDENTITY[sdk=iphoneos*]" = "iPhone Developer";
				COPY_PHASE_STRIP = NO;
				DEBUG_INFORMATION_FORMAT = "dwarf-with-dsym";
				ENABLE_NS_ASSERTIONS = NO;
				ENABLE_STRICT_OBJC_MSGSEND = YES;
				GCC_C_LANGUAGE_STANDARD = gnu99;
				GCC_NO_COMMON_BLOCKS = YES;
				GCC_WARN_64_TO_32_BIT_CONVERSION = YES;
				GCC_WARN_ABOUT_RETURN_TYPE = YES_ERROR;
				GCC_WARN_UNDECLARED_SELECTOR = YES;
				GCC_WARN_UNINITIALIZED_AUTOS = YES_AGGRESSIVE;
				GCC_WARN_UNUSED_FUNCTION = YES;
				GCC_WARN_UNUSED_VARIABLE = YES;
				IPHONEOS_DEPLOYMENT_TARGET = 9.3;
				MTL_ENABLE_DEBUG_INFO = NO;
				SDKROOT = iphoneos;
				TARGETED_DEVICE_FAMILY = "1,2";
				VALIDATE_PRODUCT = YES;
			};
			name = Release;
		};
		C17A242D1D21105B003808BF /* Debug */ = {
			isa = XCBuildConfiguration;
			buildSettings = {
				ASSETCATALOG_COMPILER_APPICON_NAME = AppIcon;
				INFOPLIST_FILE = calculator/Info.plist;
				LD_RUNPATH_SEARCH_PATHS = "$(inherited) @executable_path/Frameworks";
				PRODUCT_BUNDLE_IDENTIFIER = scy.calculator;
				PRODUCT_NAME = "$(TARGET_NAME)";
			};
			name = Debug;
		};
		C17A242E1D21105B003808BF /* Release */ = {
			isa = XCBuildConfiguration;
			buildSettings = {
				ASSETCATALOG_COMPILER_APPICON_NAME = AppIcon;
				INFOPLIST_FILE = calculator/Info.plist;
				LD_RUNPATH_SEARCH_PATHS = "$(inherited) @executable_path/Frameworks";
				PRODUCT_BUNDLE_IDENTIFIER = scy.calculator;
				PRODUCT_NAME = "$(TARGET_NAME)";
			};
			name = Release;
		};
		C17A24301D21105B003808BF /* Debug */ = {
			isa = XCBuildConfiguration;
			buildSettings = {
				BUNDLE_LOADER = "$(TEST_HOST)";
				INFOPLIST_FILE = calculatorTests/Info.plist;
				LD_RUNPATH_SEARCH_PATHS = "$(inherited) @executable_path/Frameworks @loader_path/Frameworks";
				PRODUCT_BUNDLE_IDENTIFIER = scy.calculatorTests;
				PRODUCT_NAME = "$(TARGET_NAME)";
				TEST_HOST = "$(BUILT_PRODUCTS_DIR)/calculator.app/calculator";
			};
			name = Debug;
		};
		C17A24311D21105B003808BF /* Release */ = {
			isa = XCBuildConfiguration;
			buildSettings = {
				BUNDLE_LOADER = "$(TEST_HOST)";
				INFOPLIST_FILE = calculatorTests/Info.plist;
				LD_RUNPATH_SEARCH_PATHS = "$(inherited) @executable_path/Frameworks @loader_path/Frameworks";
				PRODUCT_BUNDLE_IDENTIFIER = scy.calculatorTests;
				PRODUCT_NAME = "$(TARGET_NAME)";
				TEST_HOST = "$(BUILT_PRODUCTS_DIR)/calculator.app/calculator";
			};
			name = Release;
		};
		C17A24331D21105B003808BF /* Debug */ = {
			isa = XCBuildConfiguration;
			buildSettings = {
				INFOPLIST_FILE = calculatorUITests/Info.plist;
				LD_RUNPATH_SEARCH_PATHS = "$(inherited) @executable_path/Frameworks @loader_path/Frameworks";
				PRODUCT_BUNDLE_IDENTIFIER = scy.calculatorUITests;
				PRODUCT_NAME = "$(TARGET_NAME)";
				TEST_TARGET_NAME = calculator;
			};
			name = Debug;
		};
		C17A24341D21105B003808BF /* Release */ = {
			isa = XCBuildConfiguration;
			buildSettings = {
				INFOPLIST_FILE = calculatorUITests/Info.plist;
				LD_RUNPATH_SEARCH_PATHS = "$(inherited) @executable_path/Frameworks @loader_path/Frameworks";
				PRODUCT_BUNDLE_IDENTIFIER = scy.calculatorUITests;
				PRODUCT_NAME = "$(TARGET_NAME)";
				TEST_TARGET_NAME = calculator;
			};
			name = Release;
		};
/* End XCBuildConfiguration section */

/* Begin XCConfigurationList section */
		C17A23FF1D21105B003808BF /* Build configuration list for PBXProject "calculator" */ = {
			isa = XCConfigurationList;
			buildConfigurations = (
				C17A242A1D21105B003808BF /* Debug */,
				C17A242B1D21105B003808BF /* Release */,
			);
			defaultConfigurationIsVisible = 0;
			defaultConfigurationName = Release;
		};
		C17A242C1D21105B003808BF /* Build configuration list for PBXNativeTarget "calculator" */ = {
			isa = XCConfigurationList;
			buildConfigurations = (
				C17A242D1D21105B003808BF /* Debug */,
				C17A242E1D21105B003808BF /* Release */,
			);
			defaultConfigurationIsVisible = 0;
		};
		C17A242F1D21105B003808BF /* Build configuration list for PBXNativeTarget "calculatorTests" */ = {
			isa = XCConfigurationList;
			buildConfigurations = (
				C17A24301D21105B003808BF /* Debug */,
				C17A24311D21105B003808BF /* Release */,
			);
			defaultConfigurationIsVisible = 0;
		};
		C17A24321D21105B003808BF /* Build configuration list for PBXNativeTarget "calculatorUITests" */ = {
			isa = XCConfigurationList;
			buildConfigurations = (
				C17A24331D21105B003808BF /* Debug */,
				C17A24341D21105B003808BF /* Release */,
			);
			defaultConfigurationIsVisible = 0;
		};
/* End XCConfigurationList section */
	};
	rootObject = C17A23FC1D21105B003808BF /* Project object */;
}
